
Microsoft Visual Studio Solution File, Format Version 12.00
# Visual Studio Version 16
VisualStudioVersion = 16.0.32602.291
MinimumVisualStudioVersion = 10.0.40219.1
Project("{8BC9CEB8-8B4A-11D0-8D11-00A0C91BC942}") = "BiggestNumberInArray", "BiggestNumberInArray\BiggestNumberInArray.vcxproj", "{BCFC1DE5-3F56-4B4E-A80B-E831DAE78D6F}"
EndProject
Global
	GlobalSection(SolutionConfigurationPlatforms) = preSolution
		Debug|x64 = Debug|x64
		Debug|x86 = Debug|x86
		Release|x64 = Release|x64
		Release|x86 = Release|x86
	EndGlobalSection
	GlobalSection(ProjectConfigurationPlatforms) = postSolution
		{BCFC1DE5-3F56-4B4E-A80B-E831DAE78D6F}.Debug|x64.ActiveCfg = Debug|x64
		{BCFC1DE5-3F56-4B4E-A80B-E831DAE78D6F}.Debug|x64.Build.0 = Debug|x64
		{BCFC1DE5-3F56-4B4E-A80B-E831DAE78D6F}.Debug|x86.ActiveCfg = Debug|Win32
		{BCFC1DE5-3F56-4B4E-A80B-E831DAE78D6F}.Debug|x86.Build.0 = Debug|Win32
		{BCFC1DE5-3F56-4B4E-A80B-E831DAE78D6F}.Release|x64.ActiveCfg = Release|x64
		{BCFC1DE5-3F56-4B4E-A80B-E831DAE78D6F}.Release|x64.Build.0 = Release|x64
		{BCFC1DE5-3F56-4B4E-A80B-E831DAE78D6F}.Release|x86.ActiveCfg = Release|Win32
		{BCFC1DE5-3F56-4B4E-A80B-E831DAE78D6F}.Release|x86.Build.0 = Release|Win32
	EndGlobalSection
	GlobalSection(SolutionProperties) = preSolution
		HideSolutionNode = FALSE
	EndGlobalSection
	GlobalSection(ExtensibilityGlobals) = postSolution
		SolutionGuid = {BEA44A9A-7E5C-4813-BC7C-544D1FD5D0FF}
	EndGlobalSection
EndGlobal
